// !$*UTF8*$!
{
	archiveVersion = 1;
	classes = {
	};
	objectVersion = 54;
	objects = {

/* Begin PBXBuildFile section */
		00E356F31AD99517003FC87E /* OnlineGasAgentTests.m in Sources */ = {isa = PBXBuildFile; fileRef = 00E356F21AD99517003FC87E /* OnlineGasAgentTests.m */; };
		0C80B921A6F3F58F76C31292 /* libPods-OnlineGasAgent.a in Frameworks */ = {isa = PBXBuildFile; fileRef = 5DCACB8F33CDC322A6C60F78 /* libPods-OnlineGasAgent.a */; };
		13B07FBC1A68108700A75B9A /* AppDelegate.mm in Sources */ = {isa = PBXBuildFile; fileRef = 13B07FB01A68108700A75B9A /* AppDelegate.mm */; };
		13B07FBF1A68108700A75B9A /* Images.xcassets in Resources */ = {isa = PBXBuildFile; fileRef = 13B07FB51A68108700A75B9A /* Images.xcassets */; };
		13B07FC11A68108700A75B9A /* main.m in Sources */ = {isa = PBXBuildFile; fileRef = 13B07FB71A68108700A75B9A /* main.m */; };
		7699B88040F8A987B510C191 /* libPods-OnlineGasAgent-OnlineGasAgentTests.a in Frameworks */ = {isa = PBXBuildFile; fileRef = 19F6CBCC0A4E27FBF8BF4A61 /* libPods-OnlineGasAgent-OnlineGasAgentTests.a */; };
		81AB9BB82411601600AC10FF /* LaunchScreen.storyboard in Resources */ = {isa = PBXBuildFile; fileRef = 81AB9BB72411601600AC10FF /* LaunchScreen.storyboard */; };
		144CF40D206846E58CADCED9 /* AntDesign.ttf in Resources */ = {isa = PBXBuildFile; fileRef = 6F4F8481796347C0A37CD857 /* AntDesign.ttf */; };
		8ADEB99995D84E909CC89599 /* Entypo.ttf in Resources */ = {isa = PBXBuildFile; fileRef = 19D5585CF8B548B4AED2D24A /* Entypo.ttf */; };
		6BF688924AF849818BECD39E /* EvilIcons.ttf in Resources */ = {isa = PBXBuildFile; fileRef = 357232069A324257A792FD36 /* EvilIcons.ttf */; };
		773F8EF3A41C42DC9BA51F48 /* Feather.ttf in Resources */ = {isa = PBXBuildFile; fileRef = EF64317E0F0B4B01AAC46C9C /* Feather.ttf */; };
		5E1F8A11E59745BAAE2F6CF2 /* FontAwesome.ttf in Resources */ = {isa = PBXBuildFile; fileRef = 3CA9A423190341D49473AA00 /* FontAwesome.ttf */; };
		3B18229D9A7D4267B8B2A8A2 /* FontAwesome5_Brands.ttf in Resources */ = {isa = PBXBuildFile; fileRef = 251C652C81034DCDB46F085D /* FontAwesome5_Brands.ttf */; };
		0A3C935FF8D34458B4EA7AB6 /* FontAwesome5_Regular.ttf in Resources */ = {isa = PBXBuildFile; fileRef = 75A0BEEDE134419484D295EE /* FontAwesome5_Regular.ttf */; };
		790DA705A6BB4FEABF636AD2 /* FontAwesome5_Solid.ttf in Resources */ = {isa = PBXBuildFile; fileRef = 256B620FD52447B4868D8883 /* FontAwesome5_Solid.ttf */; };
		69F72043D5804851B64BBCB0 /* Fontisto.ttf in Resources */ = {isa = PBXBuildFile; fileRef = 5C27A63A5AAD4E4196FA0F47 /* Fontisto.ttf */; };
		5A46AD44D4B648238342AB00 /* Foundation.ttf in Resources */ = {isa = PBXBuildFile; fileRef = 9E6E8CF41A3645A286348FB6 /* Foundation.ttf */; };
		9A20DA28D53646A99A200388 /* Ionicons.ttf in Resources */ = {isa = PBXBuildFile; fileRef = 7A182E1C9A324AC3AAFCA06A /* Ionicons.ttf */; };
		3A69A7C4B6E04935A8FF9140 /* MaterialCommunityIcons.ttf in Resources */ = {isa = PBXBuildFile; fileRef = 38A99C5879A44066BEDCF5DC /* MaterialCommunityIcons.ttf */; };
		D058462386FA450A988FF4EF /* MaterialIcons.ttf in Resources */ = {isa = PBXBuildFile; fileRef = E5BF2D26F5C74DA0A11A97F9 /* MaterialIcons.ttf */; };
		277B543D4B5E4E23B4BE2BE9 /* Octicons.ttf in Resources */ = {isa = PBXBuildFile; fileRef = 1270568E7CC04ADAAA3A286D /* Octicons.ttf */; };
		C95511AA9D48427DBCB931CE /* SimpleLineIcons.ttf in Resources */ = {isa = PBXBuildFile; fileRef = 6D0C7AC30B9D436EBC50CB89 /* SimpleLineIcons.ttf */; };
		DAF525B88E344C90AE89A574 /* Zocial.ttf in Resources */ = {isa = PBXBuildFile; fileRef = D0C625F1DC4E46788B682EA9 /* Zocial.ttf */; };
		8619129119DC4B9FBAFB7AB1 /* SF-UI-Display-Heavy.otf in Resources */ = {isa = PBXBuildFile; fileRef = A18CC4F189F544E89377EBDA /* SF-UI-Display-Heavy.otf */; };
		8F158F8B15AE4C94BA511454 /* SFUIDisplay-Heavy.ttf in Resources */ = {isa = PBXBuildFile; fileRef = 85078BC9DED34A349C84B1C1 /* SFUIDisplay-Heavy.ttf */; };
		F4BCF8EF32824736B2B1EAEA /* SFUIDisplay-Light.ttf in Resources */ = {isa = PBXBuildFile; fileRef = C7F9516ACC044E4A82F78D25 /* SFUIDisplay-Light.ttf */; };
		F20BA5739B6A40A295292902 /* SFUIDisplay-Medium.ttf in Resources */ = {isa = PBXBuildFile; fileRef = 115140FFEA1D463E9F0D9872 /* SFUIDisplay-Medium.ttf */; };
		15FD6AB3AB0F4D3881F92BD1 /* SFUIDisplay-Regular-1.ttf in Resources */ = {isa = PBXBuildFile; fileRef = 7D42BB09A95E404D939FA557 /* SFUIDisplay-Regular-1.ttf */; };
		7A5AF62BABF540C8B64818D6 /* SFUIDisplay-Semibold.ttf in Resources */ = {isa = PBXBuildFile; fileRef = 1DCED10CF121427EB3FE256A /* SFUIDisplay-Semibold.ttf */; };
		55EBD84819A14E57B244038A /* SFUIDisplay-Ultralight.ttf in Resources */ = {isa = PBXBuildFile; fileRef = AA89BA43BDE54D5286EF583B /* SFUIDisplay-Ultralight.ttf */; };
		BE24572D0EA04E50B1DAC0A8 /* SF-UI-Display-Heavy.otf in Resources */ = {isa = PBXBuildFile; fileRef = 10D06B4C7C344EB89C3D82FA /* SF-UI-Display-Heavy.otf */; };
		D40276F60B134E45A5A35DCF /* SFUIDisplay-Heavy.ttf in Resources */ = {isa = PBXBuildFile; fileRef = 120E88611DDD499BA5A521B1 /* SFUIDisplay-Heavy.ttf */; };
		D7306423F18D4E6488B97BF5 /* SFUIDisplay-Light.ttf in Resources */ = {isa = PBXBuildFile; fileRef = 5936A611E9344E8983AEDF5D /* SFUIDisplay-Light.ttf */; };
		57A6D7761FC94635A0D9DFCD /* SFUIDisplay-Medium.ttf in Resources */ = {isa = PBXBuildFile; fileRef = 9F233B2EA9BB489B9F5B38DA /* SFUIDisplay-Medium.ttf */; };
		1E5CDE1060994EA4848BAA52 /* SFUIDisplay-Regular-1.ttf in Resources */ = {isa = PBXBuildFile; fileRef = 86E841C8765942D0AC6A42B0 /* SFUIDisplay-Regular-1.ttf */; };
		3BE4D7A33CC942F28D667E6D /* SFUIDisplay-Semibold.ttf in Resources */ = {isa = PBXBuildFile; fileRef = FF846D8A8E594424936D143A /* SFUIDisplay-Semibold.ttf */; };
		1E2944EE112F42B39E3018FD /* SFUIDisplay-Ultralight.ttf in Resources */ = {isa = PBXBuildFile; fileRef = 975CA7E483454A32A4A670B7 /* SFUIDisplay-Ultralight.ttf */; };
/* End PBXBuildFile section */

/* Begin PBXContainerItemProxy section */
		00E356F41AD99517003FC87E /* PBXContainerItemProxy */ = {
			isa = PBXContainerItemProxy;
			containerPortal = 83CBB9F71A601CBA00E9B192 /* Project object */;
			proxyType = 1;
			remoteGlobalIDString = 13B07F861A680F5B00A75B9A;
			remoteInfo = OnlineGasAgent;
		};
/* End PBXContainerItemProxy section */

/* Begin PBXFileReference section */
		00E356EE1AD99517003FC87E /* OnlineGasAgentTests.xctest */ = {isa = PBXFileReference; explicitFileType = wrapper.cfbundle; includeInIndex = 0; path = OnlineGasAgentTests.xctest; sourceTree = BUILT_PRODUCTS_DIR; };
		00E356F11AD99517003FC87E /* Info.plist */ = {isa = PBXFileReference; lastKnownFileType = text.plist.xml; path = Info.plist; sourceTree = "<group>"; };
		00E356F21AD99517003FC87E /* OnlineGasAgentTests.m */ = {isa = PBXFileReference; lastKnownFileType = sourcecode.c.objc; path = OnlineGasAgentTests.m; sourceTree = "<group>"; };
		13B07F961A680F5B00A75B9A /* OnlineGasAgent.app */ = {isa = PBXFileReference; explicitFileType = wrapper.application; includeInIndex = 0; path = OnlineGasAgent.app; sourceTree = BUILT_PRODUCTS_DIR; };
		13B07FAF1A68108700A75B9A /* AppDelegate.h */ = {isa = PBXFileReference; fileEncoding = 4; lastKnownFileType = sourcecode.c.h; name = AppDelegate.h; path = OnlineGasAgent/AppDelegate.h; sourceTree = "<group>"; };
		13B07FB01A68108700A75B9A /* AppDelegate.mm */ = {isa = PBXFileReference; fileEncoding = 4; lastKnownFileType = sourcecode.cpp.objcpp; name = AppDelegate.mm; path = OnlineGasAgent/AppDelegate.mm; sourceTree = "<group>"; };
		13B07FB51A68108700A75B9A /* Images.xcassets */ = {isa = PBXFileReference; lastKnownFileType = folder.assetcatalog; name = Images.xcassets; path = OnlineGasAgent/Images.xcassets; sourceTree = "<group>"; };
		13B07FB61A68108700A75B9A /* Info.plist */ = {isa = PBXFileReference; fileEncoding = 4; lastKnownFileType = text.plist.xml; name = Info.plist; path = OnlineGasAgent/Info.plist; sourceTree = "<group>"; };
		13B07FB71A68108700A75B9A /* main.m */ = {isa = PBXFileReference; fileEncoding = 4; lastKnownFileType = sourcecode.c.objc; name = main.m; path = OnlineGasAgent/main.m; sourceTree = "<group>"; };
		19F6CBCC0A4E27FBF8BF4A61 /* libPods-OnlineGasAgent-OnlineGasAgentTests.a */ = {isa = PBXFileReference; explicitFileType = archive.ar; includeInIndex = 0; path = "libPods-OnlineGasAgent-OnlineGasAgentTests.a"; sourceTree = BUILT_PRODUCTS_DIR; };
		3B4392A12AC88292D35C810B /* Pods-OnlineGasAgent.debug.xcconfig */ = {isa = PBXFileReference; includeInIndex = 1; lastKnownFileType = text.xcconfig; name = "Pods-OnlineGasAgent.debug.xcconfig"; path = "Target Support Files/Pods-OnlineGasAgent/Pods-OnlineGasAgent.debug.xcconfig"; sourceTree = "<group>"; };
		5709B34CF0A7D63546082F79 /* Pods-OnlineGasAgent.release.xcconfig */ = {isa = PBXFileReference; includeInIndex = 1; lastKnownFileType = text.xcconfig; name = "Pods-OnlineGasAgent.release.xcconfig"; path = "Target Support Files/Pods-OnlineGasAgent/Pods-OnlineGasAgent.release.xcconfig"; sourceTree = "<group>"; };
		5B7EB9410499542E8C5724F5 /* Pods-OnlineGasAgent-OnlineGasAgentTests.debug.xcconfig */ = {isa = PBXFileReference; includeInIndex = 1; lastKnownFileType = text.xcconfig; name = "Pods-OnlineGasAgent-OnlineGasAgentTests.debug.xcconfig"; path = "Target Support Files/Pods-OnlineGasAgent-OnlineGasAgentTests/Pods-OnlineGasAgent-OnlineGasAgentTests.debug.xcconfig"; sourceTree = "<group>"; };
		5DCACB8F33CDC322A6C60F78 /* libPods-OnlineGasAgent.a */ = {isa = PBXFileReference; explicitFileType = archive.ar; includeInIndex = 0; path = "libPods-OnlineGasAgent.a"; sourceTree = BUILT_PRODUCTS_DIR; };
		81AB9BB72411601600AC10FF /* LaunchScreen.storyboard */ = {isa = PBXFileReference; fileEncoding = 4; lastKnownFileType = file.storyboard; name = LaunchScreen.storyboard; path = OnlineGasAgent/LaunchScreen.storyboard; sourceTree = "<group>"; };
		89C6BE57DB24E9ADA2F236DE /* Pods-OnlineGasAgent-OnlineGasAgentTests.release.xcconfig */ = {isa = PBXFileReference; includeInIndex = 1; lastKnownFileType = text.xcconfig; name = "Pods-OnlineGasAgent-OnlineGasAgentTests.release.xcconfig"; path = "Target Support Files/Pods-OnlineGasAgent-OnlineGasAgentTests/Pods-OnlineGasAgent-OnlineGasAgentTests.release.xcconfig"; sourceTree = "<group>"; };
		ED297162215061F000B7C4FE /* JavaScriptCore.framework */ = {isa = PBXFileReference; lastKnownFileType = wrapper.framework; name = JavaScriptCore.framework; path = System/Library/Frameworks/JavaScriptCore.framework; sourceTree = SDKROOT; };
		6F4F8481796347C0A37CD857 /* AntDesign.ttf */ = {isa = PBXFileReference; name = "AntDesign.ttf"; path = "../node_modules/react-native-vector-icons/Fonts/AntDesign.ttf"; sourceTree = "<group>"; fileEncoding = undefined; lastKnownFileType = unknown; explicitFileType = undefined; includeInIndex = 0; };
		19D5585CF8B548B4AED2D24A /* Entypo.ttf */ = {isa = PBXFileReference; name = "Entypo.ttf"; path = "../node_modules/react-native-vector-icons/Fonts/Entypo.ttf"; sourceTree = "<group>"; fileEncoding = undefined; lastKnownFileType = unknown; explicitFileType = undefined; includeInIndex = 0; };
		357232069A324257A792FD36 /* EvilIcons.ttf */ = {isa = PBXFileReference; name = "EvilIcons.ttf"; path = "../node_modules/react-native-vector-icons/Fonts/EvilIcons.ttf"; sourceTree = "<group>"; fileEncoding = undefined; lastKnownFileType = unknown; explicitFileType = undefined; includeInIndex = 0; };
		EF64317E0F0B4B01AAC46C9C /* Feather.ttf */ = {isa = PBXFileReference; name = "Feather.ttf"; path = "../node_modules/react-native-vector-icons/Fonts/Feather.ttf"; sourceTree = "<group>"; fileEncoding = undefined; lastKnownFileType = unknown; explicitFileType = undefined; includeInIndex = 0; };
		3CA9A423190341D49473AA00 /* FontAwesome.ttf */ = {isa = PBXFileReference; name = "FontAwesome.ttf"; path = "../node_modules/react-native-vector-icons/Fonts/FontAwesome.ttf"; sourceTree = "<group>"; fileEncoding = undefined; lastKnownFileType = unknown; explicitFileType = undefined; includeInIndex = 0; };
		251C652C81034DCDB46F085D /* FontAwesome5_Brands.ttf */ = {isa = PBXFileReference; name = "FontAwesome5_Brands.ttf"; path = "../node_modules/react-native-vector-icons/Fonts/FontAwesome5_Brands.ttf"; sourceTree = "<group>"; fileEncoding = undefined; lastKnownFileType = unknown; explicitFileType = undefined; includeInIndex = 0; };
		75A0BEEDE134419484D295EE /* FontAwesome5_Regular.ttf */ = {isa = PBXFileReference; name = "FontAwesome5_Regular.ttf"; path = "../node_modules/react-native-vector-icons/Fonts/FontAwesome5_Regular.ttf"; sourceTree = "<group>"; fileEncoding = undefined; lastKnownFileType = unknown; explicitFileType = undefined; includeInIndex = 0; };
		256B620FD52447B4868D8883 /* FontAwesome5_Solid.ttf */ = {isa = PBXFileReference; name = "FontAwesome5_Solid.ttf"; path = "../node_modules/react-native-vector-icons/Fonts/FontAwesome5_Solid.ttf"; sourceTree = "<group>"; fileEncoding = undefined; lastKnownFileType = unknown; explicitFileType = undefined; includeInIndex = 0; };
		5C27A63A5AAD4E4196FA0F47 /* Fontisto.ttf */ = {isa = PBXFileReference; name = "Fontisto.ttf"; path = "../node_modules/react-native-vector-icons/Fonts/Fontisto.ttf"; sourceTree = "<group>"; fileEncoding = undefined; lastKnownFileType = unknown; explicitFileType = undefined; includeInIndex = 0; };
		9E6E8CF41A3645A286348FB6 /* Foundation.ttf */ = {isa = PBXFileReference; name = "Foundation.ttf"; path = "../node_modules/react-native-vector-icons/Fonts/Foundation.ttf"; sourceTree = "<group>"; fileEncoding = undefined; lastKnownFileType = unknown; explicitFileType = undefined; includeInIndex = 0; };
		7A182E1C9A324AC3AAFCA06A /* Ionicons.ttf */ = {isa = PBXFileReference; name = "Ionicons.ttf"; path = "../node_modules/react-native-vector-icons/Fonts/Ionicons.ttf"; sourceTree = "<group>"; fileEncoding = undefined; lastKnownFileType = unknown; explicitFileType = undefined; includeInIndex = 0; };
		38A99C5879A44066BEDCF5DC /* MaterialCommunityIcons.ttf */ = {isa = PBXFileReference; name = "MaterialCommunityIcons.ttf"; path = "../node_modules/react-native-vector-icons/Fonts/MaterialCommunityIcons.ttf"; sourceTree = "<group>"; fileEncoding = undefined; lastKnownFileType = unknown; explicitFileType = undefined; includeInIndex = 0; };
		E5BF2D26F5C74DA0A11A97F9 /* MaterialIcons.ttf */ = {isa = PBXFileReference; name = "MaterialIcons.ttf"; path = "../node_modules/react-native-vector-icons/Fonts/MaterialIcons.ttf"; sourceTree = "<group>"; fileEncoding = undefined; lastKnownFileType = unknown; explicitFileType = undefined; includeInIndex = 0; };
		1270568E7CC04ADAAA3A286D /* Octicons.ttf */ = {isa = PBXFileReference; name = "Octicons.ttf"; path = "../node_modules/react-native-vector-icons/Fonts/Octicons.ttf"; sourceTree = "<group>"; fileEncoding = undefined; lastKnownFileType = unknown; explicitFileType = undefined; includeInIndex = 0; };
		6D0C7AC30B9D436EBC50CB89 /* SimpleLineIcons.ttf */ = {isa = PBXFileReference; name = "SimpleLineIcons.ttf"; path = "../node_modules/react-native-vector-icons/Fonts/SimpleLineIcons.ttf"; sourceTree = "<group>"; fileEncoding = undefined; lastKnownFileType = unknown; explicitFileType = undefined; includeInIndex = 0; };
		D0C625F1DC4E46788B682EA9 /* Zocial.ttf */ = {isa = PBXFileReference; name = "Zocial.ttf"; path = "../node_modules/react-native-vector-icons/Fonts/Zocial.ttf"; sourceTree = "<group>"; fileEncoding = undefined; lastKnownFileType = unknown; explicitFileType = undefined; includeInIndex = 0; };
		A18CC4F189F544E89377EBDA /* SF-UI-Display-Heavy.otf */ = {isa = PBXFileReference; name = "SF-UI-Display-Heavy.otf"; path = "../src/assets/fonts/SF-UI-Display-Heavy.otf"; sourceTree = "<group>"; fileEncoding = undefined; lastKnownFileType = unknown; explicitFileType = undefined; includeInIndex = 0; };
		85078BC9DED34A349C84B1C1 /* SFUIDisplay-Heavy.ttf */ = {isa = PBXFileReference; name = "SFUIDisplay-Heavy.ttf"; path = "../src/assets/fonts/SFUIDisplay-Heavy.ttf"; sourceTree = "<group>"; fileEncoding = undefined; lastKnownFileType = unknown; explicitFileType = undefined; includeInIndex = 0; };
		C7F9516ACC044E4A82F78D25 /* SFUIDisplay-Light.ttf */ = {isa = PBXFileReference; name = "SFUIDisplay-Light.ttf"; path = "../src/assets/fonts/SFUIDisplay-Light.ttf"; sourceTree = "<group>"; fileEncoding = undefined; lastKnownFileType = unknown; explicitFileType = undefined; includeInIndex = 0; };
		115140FFEA1D463E9F0D9872 /* SFUIDisplay-Medium.ttf */ = {isa = PBXFileReference; name = "SFUIDisplay-Medium.ttf"; path = "../src/assets/fonts/SFUIDisplay-Medium.ttf"; sourceTree = "<group>"; fileEncoding = undefined; lastKnownFileType = unknown; explicitFileType = undefined; includeInIndex = 0; };
		7D42BB09A95E404D939FA557 /* SFUIDisplay-Regular-1.ttf */ = {isa = PBXFileReference; name = "SFUIDisplay-Regular-1.ttf"; path = "../src/assets/fonts/SFUIDisplay-Regular-1.ttf"; sourceTree = "<group>"; fileEncoding = undefined; lastKnownFileType = unknown; explicitFileType = undefined; includeInIndex = 0; };
		1DCED10CF121427EB3FE256A /* SFUIDisplay-Semibold.ttf */ = {isa = PBXFileReference; name = "SFUIDisplay-Semibold.ttf"; path = "../src/assets/fonts/SFUIDisplay-Semibold.ttf"; sourceTree = "<group>"; fileEncoding = undefined; lastKnownFileType = unknown; explicitFileType = undefined; includeInIndex = 0; };
		AA89BA43BDE54D5286EF583B /* SFUIDisplay-Ultralight.ttf */ = {isa = PBXFileReference; name = "SFUIDisplay-Ultralight.ttf"; path = "../src/assets/fonts/SFUIDisplay-Ultralight.ttf"; sourceTree = "<group>"; fileEncoding = undefined; lastKnownFileType = unknown; explicitFileType = undefined; includeInIndex = 0; };
		10D06B4C7C344EB89C3D82FA /* SF-UI-Display-Heavy.otf */ = {isa = PBXFileReference; name = "SF-UI-Display-Heavy.otf"; path = "../assets/fonts/SF-UI-Display-Heavy.otf"; sourceTree = "<group>"; fileEncoding = undefined; lastKnownFileType = unknown; explicitFileType = undefined; includeInIndex = 0; };
		120E88611DDD499BA5A521B1 /* SFUIDisplay-Heavy.ttf */ = {isa = PBXFileReference; name = "SFUIDisplay-Heavy.ttf"; path = "../assets/fonts/SFUIDisplay-Heavy.ttf"; sourceTree = "<group>"; fileEncoding = undefined; lastKnownFileType = unknown; explicitFileType = undefined; includeInIndex = 0; };
		5936A611E9344E8983AEDF5D /* SFUIDisplay-Light.ttf */ = {isa = PBXFileReference; name = "SFUIDisplay-Light.ttf"; path = "../assets/fonts/SFUIDisplay-Light.ttf"; sourceTree = "<group>"; fileEncoding = undefined; lastKnownFileType = unknown; explicitFileType = undefined; includeInIndex = 0; };
		9F233B2EA9BB489B9F5B38DA /* SFUIDisplay-Medium.ttf */ = {isa = PBXFileReference; name = "SFUIDisplay-Medium.ttf"; path = "../assets/fonts/SFUIDisplay-Medium.ttf"; sourceTree = "<group>"; fileEncoding = undefined; lastKnownFileType = unknown; explicitFileType = undefined; includeInIndex = 0; };
		86E841C8765942D0AC6A42B0 /* SFUIDisplay-Regular-1.ttf */ = {isa = PBXFileReference; name = "SFUIDisplay-Regular-1.ttf"; path = "../assets/fonts/SFUIDisplay-Regular-1.ttf"; sourceTree = "<group>"; fileEncoding = undefined; lastKnownFileType = unknown; explicitFileType = undefined; includeInIndex = 0; };
		FF846D8A8E594424936D143A /* SFUIDisplay-Semibold.ttf */ = {isa = PBXFileReference; name = "SFUIDisplay-Semibold.ttf"; path = "../assets/fonts/SFUIDisplay-Semibold.ttf"; sourceTree = "<group>"; fileEncoding = undefined; lastKnownFileType = unknown; explicitFileType = undefined; includeInIndex = 0; };
		975CA7E483454A32A4A670B7 /* SFUIDisplay-Ultralight.ttf */ = {isa = PBXFileReference; name = "SFUIDisplay-Ultralight.ttf"; path = "../assets/fonts/SFUIDisplay-Ultralight.ttf"; sourceTree = "<group>"; fileEncoding = undefined; lastKnownFileType = unknown; explicitFileType = undefined; includeInIndex = 0; };
/* End PBXFileReference section */

/* Begin PBXFrameworksBuildPhase section */
		00E356EB1AD99517003FC87E /* Frameworks */ = {
			isa = PBXFrameworksBuildPhase;
			buildActionMask = 2147483647;
			files = (
				7699B88040F8A987B510C191 /* libPods-OnlineGasAgent-OnlineGasAgentTests.a in Frameworks */,
			);
			runOnlyForDeploymentPostprocessing = 0;
		};
		13B07F8C1A680F5B00A75B9A /* Frameworks */ = {
			isa = PBXFrameworksBuildPhase;
			buildActionMask = 2147483647;
			files = (
				0C80B921A6F3F58F76C31292 /* libPods-OnlineGasAgent.a in Frameworks */,
			);
			runOnlyForDeploymentPostprocessing = 0;
		};
/* End PBXFrameworksBuildPhase section */

/* Begin PBXGroup section */
		00E356EF1AD99517003FC87E /* OnlineGasAgentTests */ = {
			isa = PBXGroup;
			children = (
				00E356F21AD99517003FC87E /* OnlineGasAgentTests.m */,
				00E356F01AD99517003FC87E /* Supporting Files */,
			);
			path = OnlineGasAgentTests;
			sourceTree = "<group>";
		};
		00E356F01AD99517003FC87E /* Supporting Files */ = {
			isa = PBXGroup;
			children = (
				00E356F11AD99517003FC87E /* Info.plist */,
			);
			name = "Supporting Files";
			sourceTree = "<group>";
		};
		13B07FAE1A68108700A75B9A /* OnlineGasAgent */ = {
			isa = PBXGroup;
			children = (
				13B07FAF1A68108700A75B9A /* AppDelegate.h */,
				13B07FB01A68108700A75B9A /* AppDelegate.mm */,
				13B07FB51A68108700A75B9A /* Images.xcassets */,
				13B07FB61A68108700A75B9A /* Info.plist */,
				81AB9BB72411601600AC10FF /* LaunchScreen.storyboard */,
				13B07FB71A68108700A75B9A /* main.m */,
			);
			name = OnlineGasAgent;
			sourceTree = "<group>";
		};
		2D16E6871FA4F8E400B85C8A /* Frameworks */ = {
			isa = PBXGroup;
			children = (
				ED297162215061F000B7C4FE /* JavaScriptCore.framework */,
				5DCACB8F33CDC322A6C60F78 /* libPods-OnlineGasAgent.a */,
				19F6CBCC0A4E27FBF8BF4A61 /* libPods-OnlineGasAgent-OnlineGasAgentTests.a */,
			);
			name = Frameworks;
			sourceTree = "<group>";
		};
		832341AE1AAA6A7D00B99B32 /* Libraries */ = {
			isa = PBXGroup;
			children = (
			);
			name = Libraries;
			sourceTree = "<group>";
		};
		83CBB9F61A601CBA00E9B192 = {
			isa = PBXGroup;
			children = (
				13B07FAE1A68108700A75B9A /* OnlineGasAgent */,
				832341AE1AAA6A7D00B99B32 /* Libraries */,
				00E356EF1AD99517003FC87E /* OnlineGasAgentTests */,
				83CBBA001A601CBA00E9B192 /* Products */,
				2D16E6871FA4F8E400B85C8A /* Frameworks */,
				BBD78D7AC51CEA395F1C20DB /* Pods */,
				C830254DF3CD4706AE221436 /* Resources */,
			);
			indentWidth = 2;
			sourceTree = "<group>";
			tabWidth = 2;
			usesTabs = 0;
		};
		83CBBA001A601CBA00E9B192 /* Products */ = {
			isa = PBXGroup;
			children = (
				13B07F961A680F5B00A75B9A /* OnlineGasAgent.app */,
				00E356EE1AD99517003FC87E /* OnlineGasAgentTests.xctest */,
			);
			name = Products;
			sourceTree = "<group>";
		};
		BBD78D7AC51CEA395F1C20DB /* Pods */ = {
			isa = PBXGroup;
			children = (
				3B4392A12AC88292D35C810B /* Pods-OnlineGasAgent.debug.xcconfig */,
				5709B34CF0A7D63546082F79 /* Pods-OnlineGasAgent.release.xcconfig */,
				5B7EB9410499542E8C5724F5 /* Pods-OnlineGasAgent-OnlineGasAgentTests.debug.xcconfig */,
				89C6BE57DB24E9ADA2F236DE /* Pods-OnlineGasAgent-OnlineGasAgentTests.release.xcconfig */,
			);
			path = Pods;
			sourceTree = "<group>";
		};
		C830254DF3CD4706AE221436 /* Resources */ = {
			isa = "PBXGroup";
			children = (
				6F4F8481796347C0A37CD857 /* AntDesign.ttf */,
				19D5585CF8B548B4AED2D24A /* Entypo.ttf */,
				357232069A324257A792FD36 /* EvilIcons.ttf */,
				EF64317E0F0B4B01AAC46C9C /* Feather.ttf */,
				3CA9A423190341D49473AA00 /* FontAwesome.ttf */,
				251C652C81034DCDB46F085D /* FontAwesome5_Brands.ttf */,
				75A0BEEDE134419484D295EE /* FontAwesome5_Regular.ttf */,
				256B620FD52447B4868D8883 /* FontAwesome5_Solid.ttf */,
				5C27A63A5AAD4E4196FA0F47 /* Fontisto.ttf */,
				9E6E8CF41A3645A286348FB6 /* Foundation.ttf */,
				7A182E1C9A324AC3AAFCA06A /* Ionicons.ttf */,
				38A99C5879A44066BEDCF5DC /* MaterialCommunityIcons.ttf */,
				E5BF2D26F5C74DA0A11A97F9 /* MaterialIcons.ttf */,
				1270568E7CC04ADAAA3A286D /* Octicons.ttf */,
				6D0C7AC30B9D436EBC50CB89 /* SimpleLineIcons.ttf */,
				D0C625F1DC4E46788B682EA9 /* Zocial.ttf */,
				A18CC4F189F544E89377EBDA /* SF-UI-Display-Heavy.otf */,
				85078BC9DED34A349C84B1C1 /* SFUIDisplay-Heavy.ttf */,
				C7F9516ACC044E4A82F78D25 /* SFUIDisplay-Light.ttf */,
				115140FFEA1D463E9F0D9872 /* SFUIDisplay-Medium.ttf */,
				7D42BB09A95E404D939FA557 /* SFUIDisplay-Regular-1.ttf */,
				1DCED10CF121427EB3FE256A /* SFUIDisplay-Semibold.ttf */,
				AA89BA43BDE54D5286EF583B /* SFUIDisplay-Ultralight.ttf */,
				10D06B4C7C344EB89C3D82FA /* SF-UI-Display-Heavy.otf */,
				120E88611DDD499BA5A521B1 /* SFUIDisplay-Heavy.ttf */,
				5936A611E9344E8983AEDF5D /* SFUIDisplay-Light.ttf */,
				9F233B2EA9BB489B9F5B38DA /* SFUIDisplay-Medium.ttf */,
				86E841C8765942D0AC6A42B0 /* SFUIDisplay-Regular-1.ttf */,
				FF846D8A8E594424936D143A /* SFUIDisplay-Semibold.ttf */,
				975CA7E483454A32A4A670B7 /* SFUIDisplay-Ultralight.ttf */,
			);
			name = Resources;
			sourceTree = "<group>";
			path = "";
		};
/* End PBXGroup section */

/* Begin PBXNativeTarget section */
		00E356ED1AD99517003FC87E /* OnlineGasAgentTests */ = {
			isa = PBXNativeTarget;
			buildConfigurationList = 00E357021AD99517003FC87E /* Build configuration list for PBXNativeTarget "OnlineGasAgentTests" */;
			buildPhases = (
				A55EABD7B0C7F3A422A6CC61 /* [CP] Check Pods Manifest.lock */,
				00E356EA1AD99517003FC87E /* Sources */,
				00E356EB1AD99517003FC87E /* Frameworks */,
				00E356EC1AD99517003FC87E /* Resources */,
				C59DA0FBD6956966B86A3779 /* [CP] Embed Pods Frameworks */,
				F6A41C54EA430FDDC6A6ED99 /* [CP] Copy Pods Resources */,
			);
			buildRules = (
			);
			dependencies = (
				00E356F51AD99517003FC87E /* PBXTargetDependency */,
			);
			name = OnlineGasAgentTests;
			productName = OnlineGasAgentTests;
			productReference = 00E356EE1AD99517003FC87E /* OnlineGasAgentTests.xctest */;
			productType = "com.apple.product-type.bundle.unit-test";
		};
		13B07F861A680F5B00A75B9A /* OnlineGasAgent */ = {
			isa = PBXNativeTarget;
			buildConfigurationList = 13B07F931A680F5B00A75B9A /* Build configuration list for PBXNativeTarget "OnlineGasAgent" */;
			buildPhases = (
				C38B50BA6285516D6DCD4F65 /* [CP] Check Pods Manifest.lock */,
				FD10A7F022414F080027D42C /* Start Packager */,
				13B07F871A680F5B00A75B9A /* Sources */,
				13B07F8C1A680F5B00A75B9A /* Frameworks */,
				13B07F8E1A680F5B00A75B9A /* Resources */,
				00DD1BFF1BD5951E006B06BC /* Bundle React Native code and images */,
				00EEFC60759A1932668264C0 /* [CP] Embed Pods Frameworks */,
				E235C05ADACE081382539298 /* [CP] Copy Pods Resources */,
			);
			buildRules = (
			);
			dependencies = (
			);
			name = OnlineGasAgent;
			productName = OnlineGasAgent;
			productReference = 13B07F961A680F5B00A75B9A /* OnlineGasAgent.app */;
			productType = "com.apple.product-type.application";
		};
/* End PBXNativeTarget section */

/* Begin PBXProject section */
		83CBB9F71A601CBA00E9B192 /* Project object */ = {
			isa = PBXProject;
			attributes = {
				LastUpgradeCheck = 1210;
				TargetAttributes = {
					00E356ED1AD99517003FC87E = {
						CreatedOnToolsVersion = 6.2;
						TestTargetID = 13B07F861A680F5B00A75B9A;
					};
					13B07F861A680F5B00A75B9A = {
						LastSwiftMigration = 1120;
					};
				};
			};
			buildConfigurationList = 83CBB9FA1A601CBA00E9B192 /* Build configuration list for PBXProject "OnlineGasAgent" */;
			compatibilityVersion = "Xcode 12.0";
			developmentRegion = en;
			hasScannedForEncodings = 0;
			knownRegions = (
				en,
				Base,
			);
			mainGroup = 83CBB9F61A601CBA00E9B192;
			productRefGroup = 83CBBA001A601CBA00E9B192 /* Products */;
			projectDirPath = "";
			projectRoot = "";
			targets = (
				13B07F861A680F5B00A75B9A /* OnlineGasAgent */,
				00E356ED1AD99517003FC87E /* OnlineGasAgentTests */,
			);
		};
/* End PBXProject section */

/* Begin PBXResourcesBuildPhase section */
		00E356EC1AD99517003FC87E /* Resources */ = {
			isa = PBXResourcesBuildPhase;
			buildActionMask = 2147483647;
			files = (
			);
			runOnlyForDeploymentPostprocessing = 0;
		};
		13B07F8E1A680F5B00A75B9A /* Resources */ = {
			isa = PBXResourcesBuildPhase;
			buildActionMask = 2147483647;
			files = (
				81AB9BB82411601600AC10FF /* LaunchScreen.storyboard in Resources */,
				13B07FBF1A68108700A75B9A /* Images.xcassets in Resources */,
				144CF40D206846E58CADCED9 /* AntDesign.ttf in Resources */,
				8ADEB99995D84E909CC89599 /* Entypo.ttf in Resources */,
				6BF688924AF849818BECD39E /* EvilIcons.ttf in Resources */,
				773F8EF3A41C42DC9BA51F48 /* Feather.ttf in Resources */,
				5E1F8A11E59745BAAE2F6CF2 /* FontAwesome.ttf in Resources */,
				3B18229D9A7D4267B8B2A8A2 /* FontAwesome5_Brands.ttf in Resources */,
				0A3C935FF8D34458B4EA7AB6 /* FontAwesome5_Regular.ttf in Resources */,
				790DA705A6BB4FEABF636AD2 /* FontAwesome5_Solid.ttf in Resources */,
				69F72043D5804851B64BBCB0 /* Fontisto.ttf in Resources */,
				5A46AD44D4B648238342AB00 /* Foundation.ttf in Resources */,
				9A20DA28D53646A99A200388 /* Ionicons.ttf in Resources */,
				3A69A7C4B6E04935A8FF9140 /* MaterialCommunityIcons.ttf in Resources */,
				D058462386FA450A988FF4EF /* MaterialIcons.ttf in Resources */,
				277B543D4B5E4E23B4BE2BE9 /* Octicons.ttf in Resources */,
				C95511AA9D48427DBCB931CE /* SimpleLineIcons.ttf in Resources */,
				DAF525B88E344C90AE89A574 /* Zocial.ttf in Resources */,
				8619129119DC4B9FBAFB7AB1 /* SF-UI-Display-Heavy.otf in Resources */,
				8F158F8B15AE4C94BA511454 /* SFUIDisplay-Heavy.ttf in Resources */,
				F4BCF8EF32824736B2B1EAEA /* SFUIDisplay-Light.ttf in Resources */,
				F20BA5739B6A40A295292902 /* SFUIDisplay-Medium.ttf in Resources */,
				15FD6AB3AB0F4D3881F92BD1 /* SFUIDisplay-Regular-1.ttf in Resources */,
				7A5AF62BABF540C8B64818D6 /* SFUIDisplay-Semibold.ttf in Resources */,
				55EBD84819A14E57B244038A /* SFUIDisplay-Ultralight.ttf in Resources */,
				BE24572D0EA04E50B1DAC0A8 /* SF-UI-Display-Heavy.otf in Resources */,
				D40276F60B134E45A5A35DCF /* SFUIDisplay-Heavy.ttf in Resources */,
				D7306423F18D4E6488B97BF5 /* SFUIDisplay-Light.ttf in Resources */,
				57A6D7761FC94635A0D9DFCD /* SFUIDisplay-Medium.ttf in Resources */,
				1E5CDE1060994EA4848BAA52 /* SFUIDisplay-Regular-1.ttf in Resources */,
				3BE4D7A33CC942F28D667E6D /* SFUIDisplay-Semibold.ttf in Resources */,
				1E2944EE112F42B39E3018FD /* SFUIDisplay-Ultralight.ttf in Resources */,
			);
			runOnlyForDeploymentPostprocessing = 0;
		};
/* End PBXResourcesBuildPhase section */

/* Begin PBXShellScriptBuildPhase section */
		00DD1BFF1BD5951E006B06BC /* Bundle React Native code and images */ = {
			isa = PBXShellScriptBuildPhase;
			buildActionMask = 2147483647;
			files = (
			);
			inputPaths = (
			);
			name = "Bundle React Native code and images";
			outputPaths = (
			);
			runOnlyForDeploymentPostprocessing = 0;
			shellPath = /bin/sh;
			shellScript = "set -e\n\nexport NODE_BINARY=node\n../node_modules/react-native/scripts/react-native-xcode.sh\n";
		};
		00EEFC60759A1932668264C0 /* [CP] Embed Pods Frameworks */ = {
			isa = PBXShellScriptBuildPhase;
			buildActionMask = 2147483647;
			files = (
			);
			inputFileListPaths = (
				"${PODS_ROOT}/Target Support Files/Pods-OnlineGasAgent/Pods-OnlineGasAgent-frameworks-${CONFIGURATION}-input-files.xcfilelist",
			);
			name = "[CP] Embed Pods Frameworks";
			outputFileListPaths = (
				"${PODS_ROOT}/Target Support Files/Pods-OnlineGasAgent/Pods-OnlineGasAgent-frameworks-${CONFIGURATION}-output-files.xcfilelist",
			);
			runOnlyForDeploymentPostprocessing = 0;
			shellPath = /bin/sh;
			shellScript = "\"${PODS_ROOT}/Target Support Files/Pods-OnlineGasAgent/Pods-OnlineGasAgent-frameworks.sh\"\n";
			showEnvVarsInLog = 0;
		};
		A55EABD7B0C7F3A422A6CC61 /* [CP] Check Pods Manifest.lock */ = {
			isa = PBXShellScriptBuildPhase;
			buildActionMask = 2147483647;
			files = (
			);
			inputFileListPaths = (
			);
			inputPaths = (
				"${PODS_PODFILE_DIR_PATH}/Podfile.lock",
				"${PODS_ROOT}/Manifest.lock",
			);
			name = "[CP] Check Pods Manifest.lock";
			outputFileListPaths = (
			);
			outputPaths = (
				"$(DERIVED_FILE_DIR)/Pods-OnlineGasAgent-OnlineGasAgentTests-checkManifestLockResult.txt",
			);
			runOnlyForDeploymentPostprocessing = 0;
			shellPath = /bin/sh;
			shellScript = "diff \"${PODS_PODFILE_DIR_PATH}/Podfile.lock\" \"${PODS_ROOT}/Manifest.lock\" > /dev/null\nif [ $? != 0 ] ; then\n    # print error to STDERR\n    echo \"error: The sandbox is not in sync with the Podfile.lock. Run 'pod install' or update your CocoaPods installation.\" >&2\n    exit 1\nfi\n# This output is used by Xcode 'outputs' to avoid re-running this script phase.\necho \"SUCCESS\" > \"${SCRIPT_OUTPUT_FILE_0}\"\n";
			showEnvVarsInLog = 0;
		};
		C38B50BA6285516D6DCD4F65 /* [CP] Check Pods Manifest.lock */ = {
			isa = PBXShellScriptBuildPhase;
			buildActionMask = 2147483647;
			files = (
			);
			inputFileListPaths = (
			);
			inputPaths = (
				"${PODS_PODFILE_DIR_PATH}/Podfile.lock",
				"${PODS_ROOT}/Manifest.lock",
			);
			name = "[CP] Check Pods Manifest.lock";
			outputFileListPaths = (
			);
			outputPaths = (
				"$(DERIVED_FILE_DIR)/Pods-OnlineGasAgent-checkManifestLockResult.txt",
			);
			runOnlyForDeploymentPostprocessing = 0;
			shellPath = /bin/sh;
			shellScript = "diff \"${PODS_PODFILE_DIR_PATH}/Podfile.lock\" \"${PODS_ROOT}/Manifest.lock\" > /dev/null\nif [ $? != 0 ] ; then\n    # print error to STDERR\n    echo \"error: The sandbox is not in sync with the Podfile.lock. Run 'pod install' or update your CocoaPods installation.\" >&2\n    exit 1\nfi\n# This output is used by Xcode 'outputs' to avoid re-running this script phase.\necho \"SUCCESS\" > \"${SCRIPT_OUTPUT_FILE_0}\"\n";
			showEnvVarsInLog = 0;
		};
		C59DA0FBD6956966B86A3779 /* [CP] Embed Pods Frameworks */ = {
			isa = PBXShellScriptBuildPhase;
			buildActionMask = 2147483647;
			files = (
			);
			inputFileListPaths = (
				"${PODS_ROOT}/Target Support Files/Pods-OnlineGasAgent-OnlineGasAgentTests/Pods-OnlineGasAgent-OnlineGasAgentTests-frameworks-${CONFIGURATION}-input-files.xcfilelist",
			);
			name = "[CP] Embed Pods Frameworks";
			outputFileListPaths = (
				"${PODS_ROOT}/Target Support Files/Pods-OnlineGasAgent-OnlineGasAgentTests/Pods-OnlineGasAgent-OnlineGasAgentTests-frameworks-${CONFIGURATION}-output-files.xcfilelist",
			);
			runOnlyForDeploymentPostprocessing = 0;
			shellPath = /bin/sh;
			shellScript = "\"${PODS_ROOT}/Target Support Files/Pods-OnlineGasAgent-OnlineGasAgentTests/Pods-OnlineGasAgent-OnlineGasAgentTests-frameworks.sh\"\n";
			showEnvVarsInLog = 0;
		};
		E235C05ADACE081382539298 /* [CP] Copy Pods Resources */ = {
			isa = PBXShellScriptBuildPhase;
			buildActionMask = 2147483647;
			files = (
			);
			inputFileListPaths = (
				"${PODS_ROOT}/Target Support Files/Pods-OnlineGasAgent/Pods-OnlineGasAgent-resources-${CONFIGURATION}-input-files.xcfilelist",
			);
			name = "[CP] Copy Pods Resources";
			outputFileListPaths = (
				"${PODS_ROOT}/Target Support Files/Pods-OnlineGasAgent/Pods-OnlineGasAgent-resources-${CONFIGURATION}-output-files.xcfilelist",
			);
			runOnlyForDeploymentPostprocessing = 0;
			shellPath = /bin/sh;
			shellScript = "\"${PODS_ROOT}/Target Support Files/Pods-OnlineGasAgent/Pods-OnlineGasAgent-resources.sh\"\n";
			showEnvVarsInLog = 0;
		};
		F6A41C54EA430FDDC6A6ED99 /* [CP] Copy Pods Resources */ = {
			isa = PBXShellScriptBuildPhase;
			buildActionMask = 2147483647;
			files = (
			);
			inputFileListPaths = (
				"${PODS_ROOT}/Target Support Files/Pods-OnlineGasAgent-OnlineGasAgentTests/Pods-OnlineGasAgent-OnlineGasAgentTests-resources-${CONFIGURATION}-input-files.xcfilelist",
			);
			name = "[CP] Copy Pods Resources";
			outputFileListPaths = (
				"${PODS_ROOT}/Target Support Files/Pods-OnlineGasAgent-OnlineGasAgentTests/Pods-OnlineGasAgent-OnlineGasAgentTests-resources-${CONFIGURATION}-output-files.xcfilelist",
			);
			runOnlyForDeploymentPostprocessing = 0;
			shellPath = /bin/sh;
			shellScript = "\"${PODS_ROOT}/Target Support Files/Pods-OnlineGasAgent-OnlineGasAgentTests/Pods-OnlineGasAgent-OnlineGasAgentTests-resources.sh\"\n";
			showEnvVarsInLog = 0;
		};
		FD10A7F022414F080027D42C /* Start Packager */ = {
			isa = PBXShellScriptBuildPhase;
			buildActionMask = 2147483647;
			files = (
			);
			inputFileListPaths = (
			);
			inputPaths = (
			);
			name = "Start Packager";
			outputFileListPaths = (
			);
			outputPaths = (
			);
			runOnlyForDeploymentPostprocessing = 0;
			shellPath = /bin/sh;
			shellScript = "export RCT_METRO_PORT=\"${RCT_METRO_PORT:=8081}\"\necho \"export RCT_METRO_PORT=${RCT_METRO_PORT}\" > \"${SRCROOT}/../node_modules/react-native/scripts/.packager.env\"\nif [ -z \"${RCT_NO_LAUNCH_PACKAGER+xxx}\" ] ; then\n  if nc -w 5 -z localhost ${RCT_METRO_PORT} ; then\n    if ! curl -s \"http://localhost:${RCT_METRO_PORT}/status\" | grep -q \"packager-status:running\" ; then\n      echo \"Port ${RCT_METRO_PORT} already in use, packager is either not running or not running correctly\"\n      exit 2\n    fi\n  else\n    open \"$SRCROOT/../node_modules/react-native/scripts/launchPackager.command\" || echo \"Can't start packager automatically\"\n  fi\nfi\n";
			showEnvVarsInLog = 0;
		};
/* End PBXShellScriptBuildPhase section */

/* Begin PBXSourcesBuildPhase section */
		00E356EA1AD99517003FC87E /* Sources */ = {
			isa = PBXSourcesBuildPhase;
			buildActionMask = 2147483647;
			files = (
				00E356F31AD99517003FC87E /* OnlineGasAgentTests.m in Sources */,
			);
			runOnlyForDeploymentPostprocessing = 0;
		};
		13B07F871A680F5B00A75B9A /* Sources */ = {
			isa = PBXSourcesBuildPhase;
			buildActionMask = 2147483647;
			files = (
				13B07FBC1A68108700A75B9A /* AppDelegate.mm in Sources */,
				13B07FC11A68108700A75B9A /* main.m in Sources */,
			);
			runOnlyForDeploymentPostprocessing = 0;
		};
/* End PBXSourcesBuildPhase section */

/* Begin PBXTargetDependency section */
		00E356F51AD99517003FC87E /* PBXTargetDependency */ = {
			isa = PBXTargetDependency;
			target = 13B07F861A680F5B00A75B9A /* OnlineGasAgent */;
			targetProxy = 00E356F41AD99517003FC87E /* PBXContainerItemProxy */;
		};
/* End PBXTargetDependency section */

/* Begin XCBuildConfiguration section */
		00E356F61AD99517003FC87E /* Debug */ = {
			isa = XCBuildConfiguration;
			baseConfigurationReference = 5B7EB9410499542E8C5724F5 /* Pods-OnlineGasAgent-OnlineGasAgentTests.debug.xcconfig */;
			buildSettings = {
				BUNDLE_LOADER = "$(TEST_HOST)";
				GCC_PREPROCESSOR_DEFINITIONS = (
					"DEBUG=1",
					"$(inherited)",
				);
				INFOPLIST_FILE = OnlineGasAgentTests/Info.plist;
				IPHONEOS_DEPLOYMENT_TARGET = 11.0;
				LD_RUNPATH_SEARCH_PATHS = (
					"$(inherited)",
					"@executable_path/Frameworks",
					"@loader_path/Frameworks",
				);
				OTHER_LDFLAGS = (
					"-ObjC",
					"-lc++",
					"$(inherited)",
				);
				PRODUCT_BUNDLE_IDENTIFIER = "org.reactjs.native.example.$(PRODUCT_NAME:rfc1034identifier)";
				PRODUCT_NAME = "$(TARGET_NAME)";
				TEST_HOST = "$(BUILT_PRODUCTS_DIR)/OnlineGasAgent.app/OnlineGasAgent";
			};
			name = Debug;
		};
		00E356F71AD99517003FC87E /* Release */ = {
			isa = XCBuildConfiguration;
			baseConfigurationReference = 89C6BE57DB24E9ADA2F236DE /* Pods-OnlineGasAgent-OnlineGasAgentTests.release.xcconfig */;
			buildSettings = {
				BUNDLE_LOADER = "$(TEST_HOST)";
				COPY_PHASE_STRIP = NO;
				INFOPLIST_FILE = OnlineGasAgentTests/Info.plist;
				IPHONEOS_DEPLOYMENT_TARGET = 11.0;
				LD_RUNPATH_SEARCH_PATHS = (
					"$(inherited)",
					"@executable_path/Frameworks",
					"@loader_path/Frameworks",
				);
				OTHER_LDFLAGS = (
					"-ObjC",
					"-lc++",
					"$(inherited)",
				);
				PRODUCT_BUNDLE_IDENTIFIER = "org.reactjs.native.example.$(PRODUCT_NAME:rfc1034identifier)";
				PRODUCT_NAME = "$(TARGET_NAME)";
				TEST_HOST = "$(BUILT_PRODUCTS_DIR)/OnlineGasAgent.app/OnlineGasAgent";
			};
			name = Release;
		};
		13B07F941A680F5B00A75B9A /* Debug */ = {
			isa = XCBuildConfiguration;
			baseConfigurationReference = 3B4392A12AC88292D35C810B /* Pods-OnlineGasAgent.debug.xcconfig */;
			buildSettings = {
				ASSETCATALOG_COMPILER_APPICON_NAME = AppIcon;
				CLANG_ENABLE_MODULES = YES;
				CURRENT_PROJECT_VERSION = 1;
				ENABLE_BITCODE = NO;
				INFOPLIST_FILE = OnlineGasAgent/Info.plist;
				LD_RUNPATH_SEARCH_PATHS = (
					"$(inherited)",
					"@executable_path/Frameworks",
				);
				OTHER_LDFLAGS = (
					"$(inherited)",
					"-ObjC",
					"-lc++",
				);
				PRODUCT_BUNDLE_IDENTIFIER = "org.reactjs.native.example.$(PRODUCT_NAME:rfc1034identifier)";
				PRODUCT_NAME = OnlineGasAgent;
				SWIFT_OPTIMIZATION_LEVEL = "-Onone";
				SWIFT_VERSION = 5.0;
				VERSIONING_SYSTEM = "apple-generic";
			};
			name = Debug;
		};
		13B07F951A680F5B00A75B9A /* Release */ = {
			isa = XCBuildConfiguration;
			baseConfigurationReference = 5709B34CF0A7D63546082F79 /* Pods-OnlineGasAgent.release.xcconfig */;
			buildSettings = {
				ASSETCATALOG_COMPILER_APPICON_NAME = AppIcon;
				CLANG_ENABLE_MODULES = YES;
				CURRENT_PROJECT_VERSION = 1;
				INFOPLIST_FILE = OnlineGasAgent/Info.plist;
				LD_RUNPATH_SEARCH_PATHS = (
					"$(inherited)",
					"@executable_path/Frameworks",
				);
				OTHER_LDFLAGS = (
					"$(inherited)",
					"-ObjC",
					"-lc++",
				);
				PRODUCT_BUNDLE_IDENTIFIER = "org.reactjs.native.example.$(PRODUCT_NAME:rfc1034identifier)";
				PRODUCT_NAME = OnlineGasAgent;
				SWIFT_VERSION = 5.0;
				VERSIONING_SYSTEM = "apple-generic";
			};
			name = Release;
		};
		83CBBA201A601CBA00E9B192 /* Debug */ = {
			isa = XCBuildConfiguration;
			buildSettings = {
				ALWAYS_SEARCH_USER_PATHS = NO;
				CLANG_ANALYZER_LOCALIZABILITY_NONLOCALIZED = YES;
				CLANG_CXX_LANGUAGE_STANDARD = "c++17";
				CLANG_CXX_LIBRARY = "libc++";
				CLANG_ENABLE_MODULES = YES;
				CLANG_ENABLE_OBJC_ARC = YES;
				CLANG_WARN_BLOCK_CAPTURE_AUTORELEASING = YES;
				CLANG_WARN_BOOL_CONVERSION = YES;
				CLANG_WARN_COMMA = YES;
				CLANG_WARN_CONSTANT_CONVERSION = YES;
				CLANG_WARN_DEPRECATED_OBJC_IMPLEMENTATIONS = YES;
				CLANG_WARN_DIRECT_OBJC_ISA_USAGE = YES_ERROR;
				CLANG_WARN_EMPTY_BODY = YES;
				CLANG_WARN_ENUM_CONVERSION = YES;
				CLANG_WARN_INFINITE_RECURSION = YES;
				CLANG_WARN_INT_CONVERSION = YES;
				CLANG_WARN_NON_LITERAL_NULL_CONVERSION = YES;
				CLANG_WARN_OBJC_IMPLICIT_RETAIN_SELF = YES;
				CLANG_WARN_OBJC_LITERAL_CONVERSION = YES;
				CLANG_WARN_OBJC_ROOT_CLASS = YES_ERROR;
				CLANG_WARN_QUOTED_INCLUDE_IN_FRAMEWORK_HEADER = YES;
				CLANG_WARN_RANGE_LOOP_ANALYSIS = YES;
				CLANG_WARN_STRICT_PROTOTYPES = YES;
				CLANG_WARN_SUSPICIOUS_MOVE = YES;
				CLANG_WARN_UNREACHABLE_CODE = YES;
				CLANG_WARN__DUPLICATE_METHOD_MATCH = YES;
				"CODE_SIGN_IDENTITY[sdk=iphoneos*]" = "iPhone Developer";
				COPY_PHASE_STRIP = NO;
				ENABLE_STRICT_OBJC_MSGSEND = YES;
				ENABLE_TESTABILITY = YES;
				"EXCLUDED_ARCHS[sdk=iphonesimulator*]" = "";
				GCC_C_LANGUAGE_STANDARD = gnu99;
				GCC_DYNAMIC_NO_PIC = NO;
				GCC_NO_COMMON_BLOCKS = YES;
				GCC_OPTIMIZATION_LEVEL = 0;
				GCC_PREPROCESSOR_DEFINITIONS = (
					"DEBUG=1",
					"$(inherited)",
				);
				GCC_SYMBOLS_PRIVATE_EXTERN = NO;
				GCC_WARN_64_TO_32_BIT_CONVERSION = YES;
				GCC_WARN_ABOUT_RETURN_TYPE = YES_ERROR;
				GCC_WARN_UNDECLARED_SELECTOR = YES;
				GCC_WARN_UNINITIALIZED_AUTOS = YES_AGGRESSIVE;
				GCC_WARN_UNUSED_FUNCTION = YES;
				GCC_WARN_UNUSED_VARIABLE = YES;
				IPHONEOS_DEPLOYMENT_TARGET = 11.0;
				LD_RUNPATH_SEARCH_PATHS = (
					/usr/lib/swift,
					"$(inherited)",
				);
				LIBRARY_SEARCH_PATHS = (
					"\"$(SDKROOT)/usr/lib/swift\"",
					"\"$(TOOLCHAIN_DIR)/usr/lib/swift/$(PLATFORM_NAME)\"",
					"\"$(inherited)\"",
				);
				MTL_ENABLE_DEBUG_INFO = YES;
				ONLY_ACTIVE_ARCH = YES;
				OTHER_CPLUSPLUSFLAGS = (
					"$(OTHER_CFLAGS)",
					"-DFOLLY_NO_CONFIG",
					"-DFOLLY_MOBILE=1",
					"-DFOLLY_USE_LIBCPP=1",
				);
				SDKROOT = iphoneos;
			};
			name = Debug;
		};
		83CBBA211A601CBA00E9B192 /* Release */ = {
			isa = XCBuildConfiguration;
			buildSettings = {
				ALWAYS_SEARCH_USER_PATHS = NO;
				CLANG_ANALYZER_LOCALIZABILITY_NONLOCALIZED = YES;
				CLANG_CXX_LANGUAGE_STANDARD = "c++17";
				CLANG_CXX_LIBRARY = "libc++";
				CLANG_ENABLE_MODULES = YES;
				CLANG_ENABLE_OBJC_ARC = YES;
				CLANG_WARN_BLOCK_CAPTURE_AUTORELEASING = YES;
				CLANG_WARN_BOOL_CONVERSION = YES;
				CLANG_WARN_COMMA = YES;
				CLANG_WARN_CONSTANT_CONVERSION = YES;
				CLANG_WARN_DEPRECATED_OBJC_IMPLEMENTATIONS = YES;
				CLANG_WARN_DIRECT_OBJC_ISA_USAGE = YES_ERROR;
				CLANG_WARN_EMPTY_BODY = YES;
				CLANG_WARN_ENUM_CONVERSION = YES;
				CLANG_WARN_INFINITE_RECURSION = YES;
				CLANG_WARN_INT_CONVERSION = YES;
				CLANG_WARN_NON_LITERAL_NULL_CONVERSION = YES;
				CLANG_WARN_OBJC_IMPLICIT_RETAIN_SELF = YES;
				CLANG_WARN_OBJC_LITERAL_CONVERSION = YES;
				CLANG_WARN_OBJC_ROOT_CLASS = YES_ERROR;
				CLANG_WARN_QUOTED_INCLUDE_IN_FRAMEWORK_HEADER = YES;
				CLANG_WARN_RANGE_LOOP_ANALYSIS = YES;
				CLANG_WARN_STRICT_PROTOTYPES = YES;
				CLANG_WARN_SUSPICIOUS_MOVE = YES;
				CLANG_WARN_UNREACHABLE_CODE = YES;
				CLANG_WARN__DUPLICATE_METHOD_MATCH = YES;
				"CODE_SIGN_IDENTITY[sdk=iphoneos*]" = "iPhone Developer";
				COPY_PHASE_STRIP = YES;
				ENABLE_NS_ASSERTIONS = NO;
				ENABLE_STRICT_OBJC_MSGSEND = YES;
				"EXCLUDED_ARCHS[sdk=iphonesimulator*]" = "";
				GCC_C_LANGUAGE_STANDARD = gnu99;
				GCC_NO_COMMON_BLOCKS = YES;
				GCC_WARN_64_TO_32_BIT_CONVERSION = YES;
				GCC_WARN_ABOUT_RETURN_TYPE = YES_ERROR;
				GCC_WARN_UNDECLARED_SELECTOR = YES;
				GCC_WARN_UNINITIALIZED_AUTOS = YES_AGGRESSIVE;
				GCC_WARN_UNUSED_FUNCTION = YES;
				GCC_WARN_UNUSED_VARIABLE = YES;
				IPHONEOS_DEPLOYMENT_TARGET = 11.0;
				LD_RUNPATH_SEARCH_PATHS = (
					/usr/lib/swift,
					"$(inherited)",
				);
				LIBRARY_SEARCH_PATHS = (
					"\"$(SDKROOT)/usr/lib/swift\"",
					"\"$(TOOLCHAIN_DIR)/usr/lib/swift/$(PLATFORM_NAME)\"",
					"\"$(inherited)\"",
				);
				MTL_ENABLE_DEBUG_INFO = NO;
				OTHER_CPLUSPLUSFLAGS = (
					"$(OTHER_CFLAGS)",
					"-DFOLLY_NO_CONFIG",
					"-DFOLLY_MOBILE=1",
					"-DFOLLY_USE_LIBCPP=1",
				);
				SDKROOT = iphoneos;
				VALIDATE_PRODUCT = YES;
			};
			name = Release;
		};
/* End XCBuildConfiguration section */

/* Begin XCConfigurationList section */
		00E357021AD99517003FC87E /* Build configuration list for PBXNativeTarget "OnlineGasAgentTests" */ = {
			isa = XCConfigurationList;
			buildConfigurations = (
				00E356F61AD99517003FC87E /* Debug */,
				00E356F71AD99517003FC87E /* Release */,
			);
			defaultConfigurationIsVisible = 0;
			defaultConfigurationName = Release;
		};
		13B07F931A680F5B00A75B9A /* Build configuration list for PBXNativeTarget "OnlineGasAgent" */ = {
			isa = XCConfigurationList;
			buildConfigurations = (
				13B07F941A680F5B00A75B9A /* Debug */,
				13B07F951A680F5B00A75B9A /* Release */,
			);
			defaultConfigurationIsVisible = 0;
			defaultConfigurationName = Release;
		};
		83CBB9FA1A601CBA00E9B192 /* Build configuration list for PBXProject "OnlineGasAgent" */ = {
			isa = XCConfigurationList;
			buildConfigurations = (
				83CBBA201A601CBA00E9B192 /* Debug */,
				83CBBA211A601CBA00E9B192 /* Release */,
			);
			defaultConfigurationIsVisible = 0;
			defaultConfigurationName = Release;
		};
/* End XCConfigurationList section */
	};
	rootObject = 83CBB9F71A601CBA00E9B192 /* Project object */;
}
